<Solution>
  <Folder Name="/solution items/">
    <File Path="CHANGELOG.md" />
    <File Path="CLAUDE.md" />
    <File Path="GitVersion.yml" />
    <File Path="LICENSE" />
    <File Path="NOTICE" />
    <File Path="README.md" />
    <File Path=".editorconfig" />
  </Folder>
  <Folder Name="/docs/">
    <File Path="docs/SPEC.md" />
  </Folder>
  <Folder Name="/scripts/">
    <File Path="scripts/update-emoji-data.ps1" />
    <File Path="scripts/generate-cldr-locale.ps1" />
    <File Path="scripts/fetch-emoji-corpus.ps1" />
  </Folder>
  <Folder Name="/src/">
    <Project Path="src/SharpMoji/SharpMoji.csproj" />
  </Folder>
  <Folder Name="/tools/">
    <Project Path="tools/SharpMoji.DataTool/SharpMoji.DataTool.csproj" />
  </Folder>
  <Folder Name="/tests/">
    <Project Path="tests/SharpMoji.Tests/SharpMoji.Tests.csproj" />
  </Folder>
  <Folder Name="/samples/">
    <Project Path="samples/SharpMoji.Samples.Console/SharpMoji.Samples.Console.csproj" />
  </Folder>
</Solution>
